// !$*UTF8*$!
{
	archiveVersion = 1;
	classes = {
	};
	objectVersion = 46;
	objects = {

/* Begin PBXBuildFile section */
		4089DB8C1B1988D9008014DB /* AppDelegate.swift in Sources */ = {isa = PBXBuildFile; fileRef = 4089DB8B1B1988D9008014DB /* AppDelegate.swift */; };
		4089DB8E1B1988D9008014DB /* ViewController.swift in Sources */ = {isa = PBXBuildFile; fileRef = 4089DB8D1B1988D9008014DB /* ViewController.swift */; };
		4089DB911B1988D9008014DB /* Main.storyboard in Resources */ = {isa = PBXBuildFile; fileRef = 4089DB8F1B1988D9008014DB /* Main.storyboard */; };
		4089DB931B1988D9008014DB /* Images.xcassets in Resources */ = {isa = PBXBuildFile; fileRef = 4089DB921B1988D9008014DB /* Images.xcassets */; };
		4089DB961B1988D9008014DB /* LaunchScreen.xib in Resources */ = {isa = PBXBuildFile; fileRef = 4089DB941B1988D9008014DB /* LaunchScreen.xib */; };
		4089DBA21B1988D9008014DB /* DemobitbucketTests.swift in Sources */ = {isa = PBXBuildFile; fileRef = 4089DBA11B1988D9008014DB /* DemobitbucketTests.swift */; };
/* End PBXBuildFile section */

/* Begin PBXContainerItemProxy section */
		4089DB9C1B1988D9008014DB /* PBXContainerItemProxy */ = {
			isa = PBXContainerItemProxy;
			containerPortal = 4089DB7E1B1988D9008014DB /* Project object */;
			proxyType = 1;
			remoteGlobalIDString = 4089DB851B1988D9008014DB;
			remoteInfo = Demobitbucket;
		};
/* End PBXContainerItemProxy section */

/* Begin PBXFileReference section */
		4089DB861B1988D9008014DB /* Demobitbucket.app */ = {isa = PBXFileReference; explicitFileType = wrapper.application; includeInIndex = 0; path = Demobitbucket.app; sourceTree = BUILT_PRODUCTS_DIR; };
		4089DB8A1B1988D9008014DB /* Info.plist */ = {isa = PBXFileReference; lastKnownFileType = text.plist.xml; path = Info.plist; sourceTree = "<group>"; };
		4089DB8B1B1988D9008014DB /* AppDelegate.swift */ = {isa = PBXFileReference; lastKnownFileType = sourcecode.swift; path = AppDelegate.swift; sourceTree = "<group>"; };
		4089DB8D1B1988D9008014DB /* ViewController.swift */ = {isa = PBXFileReference; lastKnownFileType = sourcecode.swift; path = ViewController.swift; sourceTree = "<group>"; };
		4089DB901B1988D9008014DB /* Base */ = {isa = PBXFileReference; lastKnownFileType = file.storyboard; name = Base; path = Base.lproj/Main.storyboard; sourceTree = "<group>"; };
		4089DB921B1988D9008014DB /* Images.xcassets */ = {isa = PBXFileReference; lastKnownFileType = folder.assetcatalog; path = Images.xcassets; sourceTree = "<group>"; };
		4089DB951B1988D9008014DB /* Base */ = {isa = PBXFileReference; lastKnownFileType = file.xib; name = Base; path = Base.lproj/LaunchScreen.xib; sourceTree = "<group>"; };
		4089DB9B1B1988D9008014DB /* DemobitbucketTests.xctest */ = {isa = PBXFileReference; explicitFileType = wrapper.cfbundle; includeInIndex = 0; path = DemobitbucketTests.xctest; sourceTree = BUILT_PRODUCTS_DIR; };
		4089DBA01B1988D9008014DB /* Info.plist */ = {isa = PBXFileReference; lastKnownFileType = text.plist.xml; path = Info.plist; sourceTree = "<group>"; };
		4089DBA11B1988D9008014DB /* DemobitbucketTests.swift */ = {isa = PBXFileReference; lastKnownFileType = sourcecode.swift; path = DemobitbucketTests.swift; sourceTree = "<group>"; };
/* End PBXFileReference section */

/* Begin PBXFrameworksBuildPhase section */
		4089DB831B1988D9008014DB /* Frameworks */ = {
			isa = PBXFrameworksBuildPhase;
			buildActionMask = 2147483647;
			files = (
			);
			runOnlyForDeploymentPostprocessing = 0;
		};
		4089DB981B1988D9008014DB /* Frameworks */ = {
			isa = PBXFrameworksBuildPhase;
			buildActionMask = 2147483647;
			files = (
			);
			runOnlyForDeploymentPostprocessing = 0;
		};
/* End PBXFrameworksBuildPhase section */

/* Begin PBXGroup section */
		4089DB7D1B1988D9008014DB = {
			isa = PBXGroup;
			children = (
				4089DB881B1988D9008014DB /* Demobitbucket */,
				4089DB9E1B1988D9008014DB /* DemobitbucketTests */,
				4089DB871B1988D9008014DB /* Products */,
			);
			sourceTree = "<group>";
		};
		4089DB871B1988D9008014DB /* Products */ = {
			isa = PBXGroup;
			children = (
				4089DB861B1988D9008014DB /* Demobitbucket.app */,
				4089DB9B1B1988D9008014DB /* DemobitbucketTests.xctest */,
			);
			name = Products;
			sourceTree = "<group>";
		};
		4089DB881B1988D9008014DB /* Demobitbucket */ = {
			isa = PBXGroup;
			children = (
				4089DB8B1B1988D9008014DB /* AppDelegate.swift */,
				4089DB8D1B1988D9008014DB /* ViewController.swift */,
				4089DB8F1B1988D9008014DB /* Main.storyboard */,
				4089DB921B1988D9008014DB /* Images.xcassets */,
				4089DB941B1988D9008014DB /* LaunchScreen.xib */,
				4089DB891B1988D9008014DB /* Supporting Files */,
			);
			path = Demobitbucket;
			sourceTree = "<group>";
		};
		4089DB891B1988D9008014DB /* Supporting Files */ = {
			isa = PBXGroup;
			children = (
				4089DB8A1B1988D9008014DB /* Info.plist */,
			);
			name = "Supporting Files";
			sourceTree = "<group>";
		};
		4089DB9E1B1988D9008014DB /* DemobitbucketTests */ = {
			isa = PBXGroup;
			children = (
				4089DBA11B1988D9008014DB /* DemobitbucketTests.swift */,
				4089DB9F1B1988D9008014DB /* Supporting Files */,
			);
			path = DemobitbucketTests;
			sourceTree = "<group>";
		};
		4089DB9F1B1988D9008014DB /* Supporting Files */ = {
			isa = PBXGroup;
			children = (
				4089DBA01B1988D9008014DB /* Info.plist */,
			);
			name = "Supporting Files";
			sourceTree = "<group>";
		};
/* End PBXGroup section */

/* Begin PBXNativeTarget section */
		4089DB851B1988D9008014DB /* Demobitbucket */ = {
			isa = PBXNativeTarget;
			buildConfigurationList = 4089DBA51B1988D9008014DB /* Build configuration list for PBXNativeTarget "Demobitbucket" */;
			buildPhases = (
				4089DB821B1988D9008014DB /* Sources */,
				4089DB831B1988D9008014DB /* Frameworks */,
				4089DB841B1988D9008014DB /* Resources */,
			);
			buildRules = (
			);
			dependencies = (
			);
			name = Demobitbucket;
			productName = Demobitbucket;
			productReference = 4089DB861B1988D9008014DB /* Demobitbucket.app */;
			productType = "com.apple.product-type.application";
		};
		4089DB9A1B1988D9008014DB /* DemobitbucketTests */ = {
			isa = PBXNativeTarget;
			buildConfigurationList = 4089DBA81B1988D9008014DB /* Build configuration list for PBXNativeTarget "DemobitbucketTests" */;
			buildPhases = (
				4089DB971B1988D9008014DB /* Sources */,
				4089DB981B1988D9008014DB /* Frameworks */,
				4089DB991B1988D9008014DB /* Resources */,
			);
			buildRules = (
			);
			dependencies = (
				4089DB9D1B1988D9008014DB /* PBXTargetDependency */,
			);
			name = DemobitbucketTests;
			productName = DemobitbucketTests;
			productReference = 4089DB9B1B1988D9008014DB /* DemobitbucketTests.xctest */;
			productType = "com.apple.product-type.bundle.unit-test";
		};
/* End PBXNativeTarget section */

/* Begin PBXProject section */
		4089DB7E1B1988D9008014DB /* Project object */ = {
			isa = PBXProject;
			attributes = {
				LastUpgradeCheck = 0630;
				ORGANIZATIONNAME = "Ul Sovanndy";
				TargetAttributes = {
					4089DB851B1988D9008014DB = {
						CreatedOnToolsVersion = 6.3.2;
					};
					4089DB9A1B1988D9008014DB = {
						CreatedOnToolsVersion = 6.3.2;
						TestTargetID = 4089DB851B1988D9008014DB;
					};
				};
			};
			buildConfigurationList = 4089DB811B1988D9008014DB /* Build configuration list for PBXProject "Demobitbucket" */;
			compatibilityVersion = "Xcode 3.2";
			developmentRegion = English;
			hasScannedForEncodings = 0;
			knownRegions = (
				en,
				Base,
			);
			mainGroup = 4089DB7D1B1988D9008014DB;
			productRefGroup = 4089DB871B1988D9008014DB /* Products */;
			projectDirPath = "";
			projectRoot = "";
			targets = (
				4089DB851B1988D9008014DB /* Demobitbucket */,
				4089DB9A1B1988D9008014DB /* DemobitbucketTests */,
			);
		};
/* End PBXProject section */

/* Begin PBXResourcesBuildPhase section */
		4089DB841B1988D9008014DB /* Resources */ = {
			isa = PBXResourcesBuildPhase;
			buildActionMask = 2147483647;
			files = (
				4089DB911B1988D9008014DB /* Main.storyboard in Resources */,
				4089DB961B1988D9008014DB /* LaunchScreen.xib in Resources */,
				4089DB931B1988D9008014DB /* Images.xcassets in Resources */,
			);
			runOnlyForDeploymentPostprocessing = 0;
		};
		4089DB991B1988D9008014DB /* Resources */ = {
			isa = PBXResourcesBuildPhase;
			buildActionMask = 2147483647;
			files = (
			);
			runOnlyForDeploymentPostprocessing = 0;
		};
/* End PBXResourcesBuildPhase section */

/* Begin PBXSourcesBuildPhase section */
		4089DB821B1988D9008014DB /* Sources */ = {
			isa = PBXSourcesBuildPhase;
			buildActionMask = 2147483647;
			files = (
				4089DB8E1B1988D9008014DB /* ViewController.swift in Sources */,
				4089DB8C1B1988D9008014DB /* AppDelegate.swift in Sources */,
			);
			runOnlyForDeploymentPostprocessing = 0;
		};
		4089DB971B1988D9008014DB /* Sources */ = {
			isa = PBXSourcesBuildPhase;
			buildActionMask = 2147483647;
			files = (
				4089DBA21B1988D9008014DB /* DemobitbucketTests.swift in Sources */,
			);
			runOnlyForDeploymentPostprocessing = 0;
		};
/* End PBXSourcesBuildPhase section */

/* Begin PBXTargetDependency section */
		4089DB9D1B1988D9008014DB /* PBXTargetDependency */ = {
			isa = PBXTargetDependency;
			target = 4089DB851B1988D9008014DB /* Demobitbucket */;
			targetProxy = 4089DB9C1B1988D9008014DB /* PBXContainerItemProxy */;
		};
/* End PBXTargetDependency section */

/* Begin PBXVariantGroup section */
		4089DB8F1B1988D9008014DB /* Main.storyboard */ = {
			isa = PBXVariantGroup;
			children = (
				4089DB901B1988D9008014DB /* Base */,
			);
			name = Main.storyboard;
			sourceTree = "<group>";
		};
		4089DB941B1988D9008014DB /* LaunchScreen.xib */ = {
			isa = PBXVariantGroup;
			children = (
				4089DB951B1988D9008014DB /* Base */,
			);
			name = LaunchScreen.xib;
			sourceTree = "<group>";
		};
/* End PBXVariantGroup section */

/* Begin XCBuildConfiguration section */
		4089DBA31B1988D9008014DB /* Debug */ = {
			isa = XCBuildConfiguration;
			buildSettings = {
				ALWAYS_SEARCH_USER_PATHS = NO;
				CLANG_CXX_LANGUAGE_STANDARD = "gnu++0x";
				CLANG_CXX_LIBRARY = "libc++";
				CLANG_ENABLE_MODULES = YES;
				CLANG_ENABLE_OBJC_ARC = YES;
				CLANG_WARN_BOOL_CONVERSION = YES;
				CLANG_WARN_CONSTANT_CONVERSION = YES;
				CLANG_WARN_DIRECT_OBJC_ISA_USAGE = YES_ERROR;
				CLANG_WARN_EMPTY_BODY = YES;
				CLANG_WARN_ENUM_CONVERSION = YES;
				CLANG_WARN_INT_CONVERSION = YES;
				CLANG_WARN_OBJC_ROOT_CLASS = YES_ERROR;
				CLANG_WARN_UNREACHABLE_CODE = YES;
				CLANG_WARN__DUPLICATE_METHOD_MATCH = YES;
				"CODE_SIGN_IDENTITY[sdk=iphoneos*]" = "iPhone Developer";
				COPY_PHASE_STRIP = NO;
				DEBUG_INFORMATION_FORMAT = "dwarf-with-dsym";
				ENABLE_STRICT_OBJC_MSGSEND = YES;
				GCC_C_LANGUAGE_STANDARD = gnu99;
				GCC_DYNAMIC_NO_PIC = NO;
				GCC_NO_COMMON_BLOCKS = YES;
				GCC_OPTIMIZATION_LEVEL = 0;
				GCC_PREPROCESSOR_DEFINITIONS = (
					"DEBUG=1",
					"$(inherited)",
				);
				GCC_SYMBOLS_PRIVATE_EXTERN = NO;
				GCC_WARN_64_TO_32_BIT_CONVERSION = YES;
				GCC_WARN_ABOUT_RETURN_TYPE = YES_ERROR;
				GCC_WARN_UNDECLARED_SELECTOR = YES;
				GCC_WARN_UNINITIALIZED_AUTOS = YES_AGGRESSIVE;
				GCC_WARN_UNUSED_FUNCTION = YES;
				GCC_WARN_UNUSED_VARIABLE = YES;
				IPHONEOS_DEPLOYMENT_TARGET = 8.3;
				MTL_ENABLE_DEBUG_INFO = YES;
				ONLY_ACTIVE_ARCH = YES;
				SDKROOT = iphoneos;
				SWIFT_OPTIMIZATION_LEVEL = "-Onone";
				TARGETED_DEVICE_FAMILY = "1,2";
			};
			name = Debug;
		};
		4089DBA41B1988D9008014DB /* Release */ = {
			isa = XCBuildConfiguration;
			buildSettings = {
				ALWAYS_SEARCH_USER_PATHS = NO;
				CLANG_CXX_LANGUAGE_STANDARD = "gnu++0x";
				CLANG_CXX_LIBRARY = "libc++";
				CLANG_ENABLE_MODULES = YES;
				CLANG_ENABLE_OBJC_ARC = YES;
				CLANG_WARN_BOOL_CONVERSION = YES;
				CLANG_WARN_CONSTANT_CONVERSION = YES;
				CLANG_WARN_DIRECT_OBJC_ISA_USAGE = YES_ERROR;
				CLANG_WARN_EMPTY_BODY = YES;
				CLANG_WARN_ENUM_CONVERSION = YES;
				CLANG_WARN_INT_CONVERSION = YES;
				CLANG_WARN_OBJC_ROOT_CLASS = YES_ERROR;
				CLANG_WARN_UNREACHABLE_CODE = YES;
				CLANG_WARN__DUPLICATE_METHOD_MATCH = YES;
				"CODE_SIGN_IDENTITY[sdk=iphoneos*]" = "iPhone Developer";
				COPY_PHASE_STRIP = NO;
				DEBUG_INFORMATION_FORMAT = "dwarf-with-dsym";
				ENABLE_NS_ASSERTIONS = NO;
				ENABLE_STRICT_OBJC_MSGSEND = YES;
				GCC_C_LANGUAGE_STANDARD = gnu99;
				GCC_NO_COMMON_BLOCKS = YES;
				GCC_WARN_64_TO_32_BIT_CONVERSION = YES;
				GCC_WARN_ABOUT_RETURN_TYPE = YES_ERROR;
				GCC_WARN_UNDECLARED_SELECTOR = YES;
				GCC_WARN_UNINITIALIZED_AUTOS = YES_AGGRESSIVE;
				GCC_WARN_UNUSED_FUNCTION = YES;
				GCC_WARN_UNUSED_VARIABLE = YES;
				IPHONEOS_DEPLOYMENT_TARGET = 8.3;
				MTL_ENABLE_DEBUG_INFO = NO;
				SDKROOT = iphoneos;
				TARGETED_DEVICE_FAMILY = "1,2";
				VALIDATE_PRODUCT = YES;
			};
			name = Release;
		};
		4089DBA61B1988D9008014DB /* Debug */ = {
			isa = XCBuildConfiguration;
			buildSettings = {
				ASSETCATALOG_COMPILER_APPICON_NAME = AppIcon;
				INFOPLIST_FILE = Demobitbucket/Info.plist;
				LD_RUNPATH_SEARCH_PATHS = "$(inherited) @executable_path/Frameworks";
				PRODUCT_NAME = "$(TARGET_NAME)";
			};
			name = Debug;
		};
		4089DBA71B1988D9008014DB /* Release */ = {
			isa = XCBuildConfiguration;
			buildSettings = {
				ASSETCATALOG_COMPILER_APPICON_NAME = AppIcon;
				INFOPLIST_FILE = Demobitbucket/Info.plist;
				LD_RUNPATH_SEARCH_PATHS = "$(inherited) @executable_path/Frameworks";
				PRODUCT_NAME = "$(TARGET_NAME)";
			};
			name = Release;
		};
		4089DBA91B1988D9008014DB /* Debug */ = {
			isa = XCBuildConfiguration;
			buildSettings = {
				BUNDLE_LOADER = "$(TEST_HOST)";
				FRAMEWORK_SEARCH_PATHS = (
					"$(SDKROOT)/Developer/Library/Frameworks",
					"$(inherited)",
				);
				GCC_PREPROCESSOR_DEFINITIONS = (
					"DEBUG=1",
					"$(inherited)",
				);
				INFOPLIST_FILE = DemobitbucketTests/Info.plist;
				LD_RUNPATH_SEARCH_PATHS = "$(inherited) @executable_path/Frameworks @loader_path/Frameworks";
				PRODUCT_NAME = "$(TARGET_NAME)";
				TEST_HOST = "$(BUILT_PRODUCTS_DIR)/Demobitbucket.app/Demobitbucket";
			};
			name = Debug;
		};
		4089DBAA1B1988D9008014DB /* Release */ = {
			isa = XCBuildConfiguration;
			buildSettings = {
				BUNDLE_LOADER = "$(TEST_HOST)";
				FRAMEWORK_SEARCH_PATHS = (
					"$(SDKROOT)/Developer/Library/Frameworks",
					"$(inherited)",
				);
				INFOPLIST_FILE = DemobitbucketTests/Info.plist;
				LD_RUNPATH_SEARCH_PATHS = "$(inherited) @executable_path/Frameworks @loader_path/Frameworks";
				PRODUCT_NAME = "$(TARGET_NAME)";
				TEST_HOST = "$(BUILT_PRODUCTS_DIR)/Demobitbucket.app/Demobitbucket";
			};
			name = Release;
		};
/* End XCBuildConfiguration section */

/* Begin XCConfigurationList section */
		4089DB811B1988D9008014DB /* Build configuration list for PBXProject "Demobitbucket" */ = {
			isa = XCConfigurationList;
			buildConfigurations = (
				4089DBA31B1988D9008014DB /* Debug */,
				4089DBA41B1988D9008014DB /* Release */,
			);
			defaultConfigurationIsVisible = 0;
			defaultConfigurationName = Release;
		};
		4089DBA51B1988D9008014DB /* Build configuration list for PBXNativeTarget "Demobitbucket" */ = {
			isa = XCConfigurationList;
			buildConfigurations = (
				4089DBA61B1988D9008014DB /* Debug */,
				4089DBA71B1988D9008014DB /* Release */,
			);
			defaultConfigurationIsVisible = 0;
		};
		4089DBA81B1988D9008014DB /* Build configuration list for PBXNativeTarget "DemobitbucketTests" */ = {
			isa = XCConfigurationList;
			buildConfigurations = (
				4089DBA91B1988D9008014DB /* Debug */,
				4089DBAA1B1988D9008014DB /* Release */,
			);
			defaultConfigurationIsVisible = 0;
		};
/* End XCConfigurationList section */
	};
	rootObject = 4089DB7E1B1988D9008014DB /* Project object */;
}
